
Microsoft Visual Studio Solution File, Format Version 12.00
# Visual Studio Version 16
VisualStudioVersion = 16.0.29806.167
MinimumVisualStudioVersion = 10.0.40219.1
Project("{FAE04EC0-301F-11D3-BF4B-00C04F79EFBC}") = "signalrChat", "signalrChat\signalrChat.csproj", "{B43FA84A-5DA8-47A1-A2CC-93820E93E75D}"
EndProject
Global
	GlobalSection(SolutionConfigurationPlatforms) = preSolution
		Debug|Any CPU = Debug|Any CPU
		Release|Any CPU = Release|Any CPU
	EndGlobalSection
	GlobalSection(ProjectConfigurationPlatforms) = postSolution
		{B43FA84A-5DA8-47A1-A2CC-93820E93E75D}.Debug|Any CPU.ActiveCfg = Debug|Any CPU
		{B43FA84A-5DA8-47A1-A2CC-93820E93E75D}.Debug|Any CPU.Build.0 = Debug|Any CPU
		{B43FA84A-5DA8-47A1-A2CC-93820E93E75D}.Release|Any CPU.ActiveCfg = Release|Any CPU
		{B43FA84A-5DA8-47A1-A2CC-93820E93E75D}.Release|Any CPU.Build.0 = Release|Any CPU
	EndGlobalSection
	GlobalSection(SolutionProperties) = preSolution
		HideSolutionNode = FALSE
	EndGlobalSection
	GlobalSection(ExtensibilityGlobals) = postSolution
		SolutionGuid = {8756659F-1977-4D89-BC28-9AFEABFF4FD4}
	EndGlobalSection
EndGlobal
